
Microsoft Visual Studio Solution File, Format Version 12.00
# Visual Studio Version 16
VisualStudioVersion = 16.0.31702.278
MinimumVisualStudioVersion = 10.0.40219.1
Project("{FAE04EC0-301F-11D3-BF4B-00C04F79EFBC}") = "TrenCr", "TrenCr.csproj", "{DCDA12EB-F71D-4BE5-ADF8-077043017648}"
EndProject
Global
	GlobalSection(SolutionConfigurationPlatforms) = preSolution
		Debug|Any CPU = Debug|Any CPU
		Release|Any CPU = Release|Any CPU
	EndGlobalSection
	GlobalSection(ProjectConfigurationPlatforms) = postSolution
		{DCDA12EB-F71D-4BE5-ADF8-077043017648}.Debug|Any CPU.ActiveCfg = Debug|Any CPU
		{DCDA12EB-F71D-4BE5-ADF8-077043017648}.Debug|Any CPU.Build.0 = Debug|Any CPU
		{DCDA12EB-F71D-4BE5-ADF8-077043017648}.Release|Any CPU.ActiveCfg = Release|Any CPU
		{DCDA12EB-F71D-4BE5-ADF8-077043017648}.Release|Any CPU.Build.0 = Release|Any CPU
	EndGlobalSection
	GlobalSection(SolutionProperties) = preSolution
		HideSolutionNode = FALSE
	EndGlobalSection
	GlobalSection(ExtensibilityGlobals) = postSolution
		SolutionGuid = {5A23805C-5F94-48AF-99E8-3EB21EF39EF4}
	EndGlobalSection
EndGlobal
